
Microsoft Visual Studio Solution File, Format Version 12.00
# Visual Studio Version 17
VisualStudioVersion = 17.4.33213.308
MinimumVisualStudioVersion = 10.0.40219.1
Project("{FAE04EC0-301F-11D3-BF4B-00C04F79EFBC}") = "lab12", "lab12\lab12.csproj", "{4AB1375D-F1AF-45C3-BCCF-F2E92837478A}"
EndProject
Global
	GlobalSection(SolutionConfigurationPlatforms) = preSolution
		Debug|Any CPU = Debug|Any CPU
		Release|Any CPU = Release|Any CPU
	EndGlobalSection
	GlobalSection(ProjectConfigurationPlatforms) = postSolution
		{4AB1375D-F1AF-45C3-BCCF-F2E92837478A}.Debug|Any CPU.ActiveCfg = Debug|Any CPU
		{4AB1375D-F1AF-45C3-BCCF-F2E92837478A}.Debug|Any CPU.Build.0 = Debug|Any CPU
		{4AB1375D-F1AF-45C3-BCCF-F2E92837478A}.Release|Any CPU.ActiveCfg = Release|Any CPU
		{4AB1375D-F1AF-45C3-BCCF-F2E92837478A}.Release|Any CPU.Build.0 = Release|Any CPU
	EndGlobalSection
	GlobalSection(SolutionProperties) = preSolution
		HideSolutionNode = FALSE
	EndGlobalSection
	GlobalSection(ExtensibilityGlobals) = postSolution
		SolutionGuid = {680F363E-B09C-4F2D-823D-5B435A2DA6E4}
	EndGlobalSection
EndGlobal
